
Microsoft Visual Studio Solution File, Format Version 12.00
# Visual Studio Version 17
VisualStudioVersion = 17.0.32126.317
MinimumVisualStudioVersion = 10.0.40219.1
Project("{9A19103F-16F7-4668-BE54-9A1E7A4F7556}") = "PingPayments.PaymentsApi", "PingPayments.PaymentsApi\PingPayments.PaymentsApi.csproj", "{F5A28537-202B-45D7-A1C6-F467C31AD102}"
EndProject
Project("{2150E333-8FDC-42A3-9474-1A3956D46DE8}") = "Solution Items", "Solution Items", "{4C1AA406-B67A-4C16-9291-45821A62B2FF}"
	ProjectSection(SolutionItems) = preProject
		CHANGELOG.MD = CHANGELOG.MD
		LICENSE.txt = LICENSE.txt
		.github\workflows\publish.yaml = .github\workflows\publish.yaml
		README.MD = README.MD
	EndProjectSection
EndProject
Project("{9A19103F-16F7-4668-BE54-9A1E7A4F7556}") = "PingPayments.PaymentsApi.Tests", "PingPayments.PaymentsApi.Tests\PingPayments.PaymentsApi.Tests.csproj", "{6A6DE614-AF19-4872-9425-48D81D4968A2}"
EndProject
Project("{9A19103F-16F7-4668-BE54-9A1E7A4F7556}") = "PingPayments.PaymentLinksApi", "PingPayment.PaymentLinksApi\PingPayments.PaymentLinksApi.csproj", "{79AD9F87-B9C5-463E-A00A-DBACCD8E0990}"
EndProject
Project("{9A19103F-16F7-4668-BE54-9A1E7A4F7556}") = "PingPayments.PaymentLinksApi.Tests", "PingPayments.PaymentLinksApi.Tests\PingPayments.PaymentLinksApi.Tests.csproj", "{97582909-C3A6-4694-9E25-F2F3CBE4104E}"
EndProject
Global
	GlobalSection(SolutionConfigurationPlatforms) = preSolution
		Debug|Any CPU = Debug|Any CPU
		Release|Any CPU = Release|Any CPU
	EndGlobalSection
	GlobalSection(ProjectConfigurationPlatforms) = postSolution
		{F5A28537-202B-45D7-A1C6-F467C31AD102}.Debug|Any CPU.ActiveCfg = Debug|Any CPU
		{F5A28537-202B-45D7-A1C6-F467C31AD102}.Debug|Any CPU.Build.0 = Debug|Any CPU
		{F5A28537-202B-45D7-A1C6-F467C31AD102}.Release|Any CPU.ActiveCfg = Release|Any CPU
		{F5A28537-202B-45D7-A1C6-F467C31AD102}.Release|Any CPU.Build.0 = Release|Any CPU
		{6A6DE614-AF19-4872-9425-48D81D4968A2}.Debug|Any CPU.ActiveCfg = Debug|Any CPU
		{6A6DE614-AF19-4872-9425-48D81D4968A2}.Debug|Any CPU.Build.0 = Debug|Any CPU
		{6A6DE614-AF19-4872-9425-48D81D4968A2}.Release|Any CPU.ActiveCfg = Release|Any CPU
		{6A6DE614-AF19-4872-9425-48D81D4968A2}.Release|Any CPU.Build.0 = Release|Any CPU
		{79AD9F87-B9C5-463E-A00A-DBACCD8E0990}.Debug|Any CPU.ActiveCfg = Debug|Any CPU
		{79AD9F87-B9C5-463E-A00A-DBACCD8E0990}.Debug|Any CPU.Build.0 = Debug|Any CPU
		{79AD9F87-B9C5-463E-A00A-DBACCD8E0990}.Release|Any CPU.ActiveCfg = Release|Any CPU
		{79AD9F87-B9C5-463E-A00A-DBACCD8E0990}.Release|Any CPU.Build.0 = Release|Any CPU
		{97582909-C3A6-4694-9E25-F2F3CBE4104E}.Debug|Any CPU.ActiveCfg = Debug|Any CPU
		{97582909-C3A6-4694-9E25-F2F3CBE4104E}.Debug|Any CPU.Build.0 = Debug|Any CPU
		{97582909-C3A6-4694-9E25-F2F3CBE4104E}.Release|Any CPU.ActiveCfg = Release|Any CPU
		{97582909-C3A6-4694-9E25-F2F3CBE4104E}.Release|Any CPU.Build.0 = Release|Any CPU
	EndGlobalSection
	GlobalSection(SolutionProperties) = preSolution
		HideSolutionNode = FALSE
	EndGlobalSection
	GlobalSection(ExtensibilityGlobals) = postSolution
		SolutionGuid = {AE6C4DFE-A092-41AD-8EB8-DF1E8FC9526B}
	EndGlobalSection
EndGlobal
